
Microsoft Visual Studio Solution File, Format Version 12.00
# Visual Studio Version 16
VisualStudioVersion = 16.0.28803.202
MinimumVisualStudioVersion = 10.0.40219.1
Project("{9A19103F-16F7-4668-BE54-9A1E7A4F7556}") = "GLEIF.ConsoleApp", "GLEIF.ConsoleApp.csproj", "{FC1D50AA-792C-490F-BB1B-8400E1BA1D14}"
EndProject
Global
	GlobalSection(SolutionConfigurationPlatforms) = preSolution
		Debug|Any CPU = Debug|Any CPU
		Release|Any CPU = Release|Any CPU
	EndGlobalSection
	GlobalSection(ProjectConfigurationPlatforms) = postSolution
		{FC1D50AA-792C-490F-BB1B-8400E1BA1D14}.Debug|Any CPU.ActiveCfg = Debug|Any CPU
		{FC1D50AA-792C-490F-BB1B-8400E1BA1D14}.Debug|Any CPU.Build.0 = Debug|Any CPU
		{FC1D50AA-792C-490F-BB1B-8400E1BA1D14}.Release|Any CPU.ActiveCfg = Release|Any CPU
		{FC1D50AA-792C-490F-BB1B-8400E1BA1D14}.Release|Any CPU.Build.0 = Release|Any CPU
	EndGlobalSection
	GlobalSection(SolutionProperties) = preSolution
		HideSolutionNode = FALSE
	EndGlobalSection
	GlobalSection(ExtensibilityGlobals) = postSolution
		SolutionGuid = {66ACB7EE-E548-441F-8770-62EFC18E879A}
	EndGlobalSection
EndGlobal
