
Microsoft Visual Studio Solution File, Format Version 12.00
# Visual Studio 15
VisualStudioVersion = 15.0.28010.2036
MinimumVisualStudioVersion = 10.0.40219.1
Project("{0C603C2C-620A-423B-A800-4F3E2F6281F1}") = "GLEIF.USQLDB", "GLEIF.USQLDB\GLEIF.USQLDB.usqldbproj", "{2AAC3992-A673-4E81-A74C-ED8809336522}"
EndProject
Project("{FAE04EC0-301F-11D3-BF4B-00C04F79EFBC}") = "GLEIF.USQLClass", "GLEIF.USQLClass\GLEIF.USQLClass.csproj", "{2DF705DC-1BB1-475E-8B50-B7CAE4261104}"
EndProject
Project("{182E2583-ECAD-465B-BB50-91101D7C24CE}") = "GLEIF.USQL", "GLEIF.USQL\GLEIF.USQL.usqlproj", "{DF7E8620-5CC9-4321-A936-6F49B6EAE0EC}"
EndProject
Project("{2150E333-8FDC-42A3-9474-1A3956D46DE8}") = "Solution Items", "Solution Items", "{5ADF5537-F1FB-46F4-ACD3-CAA4FE3DB7EE}"
	ProjectSection(SolutionItems) = preProject
		Readme.md = Readme.md
	EndProjectSection
EndProject
Global
	GlobalSection(SolutionConfigurationPlatforms) = preSolution
		Debug|Any CPU = Debug|Any CPU
		Debug|x64 = Debug|x64
		Debug|x86 = Debug|x86
		Release|Any CPU = Release|Any CPU
		Release|x64 = Release|x64
		Release|x86 = Release|x86
	EndGlobalSection
	GlobalSection(ProjectConfigurationPlatforms) = postSolution
		{2AAC3992-A673-4E81-A74C-ED8809336522}.Debug|Any CPU.ActiveCfg = Debug|Any CPU
		{2AAC3992-A673-4E81-A74C-ED8809336522}.Debug|Any CPU.Build.0 = Debug|Any CPU
		{2AAC3992-A673-4E81-A74C-ED8809336522}.Debug|x64.ActiveCfg = Debug|Any CPU
		{2AAC3992-A673-4E81-A74C-ED8809336522}.Debug|x64.Build.0 = Debug|Any CPU
		{2AAC3992-A673-4E81-A74C-ED8809336522}.Debug|x86.ActiveCfg = Debug|Any CPU
		{2AAC3992-A673-4E81-A74C-ED8809336522}.Debug|x86.Build.0 = Debug|Any CPU
		{2AAC3992-A673-4E81-A74C-ED8809336522}.Release|Any CPU.ActiveCfg = Release|Any CPU
		{2AAC3992-A673-4E81-A74C-ED8809336522}.Release|Any CPU.Build.0 = Release|Any CPU
		{2AAC3992-A673-4E81-A74C-ED8809336522}.Release|x64.ActiveCfg = Release|Any CPU
		{2AAC3992-A673-4E81-A74C-ED8809336522}.Release|x64.Build.0 = Release|Any CPU
		{2AAC3992-A673-4E81-A74C-ED8809336522}.Release|x86.ActiveCfg = Release|Any CPU
		{2AAC3992-A673-4E81-A74C-ED8809336522}.Release|x86.Build.0 = Release|Any CPU
		{2DF705DC-1BB1-475E-8B50-B7CAE4261104}.Debug|Any CPU.ActiveCfg = Debug|Any CPU
		{2DF705DC-1BB1-475E-8B50-B7CAE4261104}.Debug|Any CPU.Build.0 = Debug|Any CPU
		{2DF705DC-1BB1-475E-8B50-B7CAE4261104}.Debug|x64.ActiveCfg = Debug|Any CPU
		{2DF705DC-1BB1-475E-8B50-B7CAE4261104}.Debug|x64.Build.0 = Debug|Any CPU
		{2DF705DC-1BB1-475E-8B50-B7CAE4261104}.Debug|x86.ActiveCfg = Debug|Any CPU
		{2DF705DC-1BB1-475E-8B50-B7CAE4261104}.Debug|x86.Build.0 = Debug|Any CPU
		{2DF705DC-1BB1-475E-8B50-B7CAE4261104}.Release|Any CPU.ActiveCfg = Release|Any CPU
		{2DF705DC-1BB1-475E-8B50-B7CAE4261104}.Release|Any CPU.Build.0 = Release|Any CPU
		{2DF705DC-1BB1-475E-8B50-B7CAE4261104}.Release|x64.ActiveCfg = Release|Any CPU
		{2DF705DC-1BB1-475E-8B50-B7CAE4261104}.Release|x64.Build.0 = Release|Any CPU
		{2DF705DC-1BB1-475E-8B50-B7CAE4261104}.Release|x86.ActiveCfg = Release|Any CPU
		{2DF705DC-1BB1-475E-8B50-B7CAE4261104}.Release|x86.Build.0 = Release|Any CPU
		{DF7E8620-5CC9-4321-A936-6F49B6EAE0EC}.Debug|Any CPU.ActiveCfg = Debug|Any CPU
		{DF7E8620-5CC9-4321-A936-6F49B6EAE0EC}.Debug|Any CPU.Build.0 = Debug|Any CPU
		{DF7E8620-5CC9-4321-A936-6F49B6EAE0EC}.Debug|x64.ActiveCfg = Debug|x64
		{DF7E8620-5CC9-4321-A936-6F49B6EAE0EC}.Debug|x64.Build.0 = Debug|x64
		{DF7E8620-5CC9-4321-A936-6F49B6EAE0EC}.Debug|x86.ActiveCfg = Debug|x86
		{DF7E8620-5CC9-4321-A936-6F49B6EAE0EC}.Debug|x86.Build.0 = Debug|x86
		{DF7E8620-5CC9-4321-A936-6F49B6EAE0EC}.Release|Any CPU.ActiveCfg = Release|Any CPU
		{DF7E8620-5CC9-4321-A936-6F49B6EAE0EC}.Release|Any CPU.Build.0 = Release|Any CPU
		{DF7E8620-5CC9-4321-A936-6F49B6EAE0EC}.Release|x64.ActiveCfg = Release|x64
		{DF7E8620-5CC9-4321-A936-6F49B6EAE0EC}.Release|x64.Build.0 = Release|x64
		{DF7E8620-5CC9-4321-A936-6F49B6EAE0EC}.Release|x86.ActiveCfg = Release|x86
		{DF7E8620-5CC9-4321-A936-6F49B6EAE0EC}.Release|x86.Build.0 = Release|x86
	EndGlobalSection
	GlobalSection(SolutionProperties) = preSolution
		HideSolutionNode = FALSE
	EndGlobalSection
	GlobalSection(ExtensibilityGlobals) = postSolution
		SolutionGuid = {02B238D7-71CF-4066-87DB-4CA8CD00F5C7}
	EndGlobalSection
EndGlobal
